
Microsoft Visual Studio Solution File, Format Version 12.00
# Visual Studio Version 16
VisualStudioVersion = 16.0.30907.101
MinimumVisualStudioVersion = 10.0.40219.1
Project("{8BC9CEB8-8B4A-11D0-8D11-00A0C91BC942}") = "01_DriverDemo", "01_DriverDemo\01_DriverDemo.vcxproj", "{14D164EF-A038-42FA-95C2-B25C44041196}"
EndProject
Project("{8BC9CEB8-8B4A-11D0-8D11-00A0C91BC942}") = "02_DriverObject", "02_DriverObject\02_DriverObject.vcxproj", "{876E394F-B48A-4006-9EFE-5FE8AB879BB2}"
EndProject
Project("{8BC9CEB8-8B4A-11D0-8D11-00A0C91BC942}") = "03_StringOpeator", "03_StringOpeator\03_StringOpeator.vcxproj", "{2BBF36D4-4565-4296-B556-6BAEBB225912}"
EndProject
Project("{8BC9CEB8-8B4A-11D0-8D11-00A0C91BC942}") = "04_MDL-Opeator", "04_MDL-Opeator\04_MDL-Opeator.vcxproj", "{11803B37-CA6E-4F61-8FB5-CC2B82030F61}"
EndProject
Project("{8BC9CEB8-8B4A-11D0-8D11-00A0C91BC942}") = "05_DeviceObject", "05_DeviceObject\05_DeviceObject.vcxproj", "{0CDE31A4-B7C2-482F-8DD6-D3E41D3B8027}"
EndProject
Project("{8BC9CEB8-8B4A-11D0-8D11-00A0C91BC942}") = "05_R3VisitR0", "05_R3VisitR0\05_R3VisitR0.vcxproj", "{EF6F8A00-97F7-495B-AA04-99F7A2837452}"
EndProject
Global
	GlobalSection(SolutionConfigurationPlatforms) = preSolution
		Debug|ARM = Debug|ARM
		Debug|ARM64 = Debug|ARM64
		Debug|x64 = Debug|x64
		Debug|x86 = Debug|x86
		Release|ARM = Release|ARM
		Release|ARM64 = Release|ARM64
		Release|x64 = Release|x64
		Release|x86 = Release|x86
	EndGlobalSection
	GlobalSection(ProjectConfigurationPlatforms) = postSolution
		{14D164EF-A038-42FA-95C2-B25C44041196}.Debug|ARM.ActiveCfg = Debug|ARM
		{14D164EF-A038-42FA-95C2-B25C44041196}.Debug|ARM.Build.0 = Debug|ARM
		{14D164EF-A038-42FA-95C2-B25C44041196}.Debug|ARM.Deploy.0 = Debug|ARM
		{14D164EF-A038-42FA-95C2-B25C44041196}.Debug|ARM64.ActiveCfg = Debug|ARM64
		{14D164EF-A038-42FA-95C2-B25C44041196}.Debug|ARM64.Build.0 = Debug|ARM64
		{14D164EF-A038-42FA-95C2-B25C44041196}.Debug|ARM64.Deploy.0 = Debug|ARM64
		{14D164EF-A038-42FA-95C2-B25C44041196}.Debug|x64.ActiveCfg = Debug|x64
		{14D164EF-A038-42FA-95C2-B25C44041196}.Debug|x64.Build.0 = Debug|x64
		{14D164EF-A038-42FA-95C2-B25C44041196}.Debug|x64.Deploy.0 = Debug|x64
		{14D164EF-A038-42FA-95C2-B25C44041196}.Debug|x86.ActiveCfg = Debug|Win32
		{14D164EF-A038-42FA-95C2-B25C44041196}.Debug|x86.Build.0 = Debug|Win32
		{14D164EF-A038-42FA-95C2-B25C44041196}.Debug|x86.Deploy.0 = Debug|Win32
		{14D164EF-A038-42FA-95C2-B25C44041196}.Release|ARM.ActiveCfg = Release|ARM
		{14D164EF-A038-42FA-95C2-B25C44041196}.Release|ARM.Build.0 = Release|ARM
		{14D164EF-A038-42FA-95C2-B25C44041196}.Release|ARM.Deploy.0 = Release|ARM
		{14D164EF-A038-42FA-95C2-B25C44041196}.Release|ARM64.ActiveCfg = Release|ARM64
		{14D164EF-A038-42FA-95C2-B25C44041196}.Release|ARM64.Build.0 = Release|ARM64
		{14D164EF-A038-42FA-95C2-B25C44041196}.Release|ARM64.Deploy.0 = Release|ARM64
		{14D164EF-A038-42FA-95C2-B25C44041196}.Release|x64.ActiveCfg = Release|x64
		{14D164EF-A038-42FA-95C2-B25C44041196}.Release|x64.Build.0 = Release|x64
		{14D164EF-A038-42FA-95C2-B25C44041196}.Release|x64.Deploy.0 = Release|x64
		{14D164EF-A038-42FA-95C2-B25C44041196}.Release|x86.ActiveCfg = Release|Win32
		{14D164EF-A038-42FA-95C2-B25C44041196}.Release|x86.Build.0 = Release|Win32
		{14D164EF-A038-42FA-95C2-B25C44041196}.Release|x86.Deploy.0 = Release|Win32
		{876E394F-B48A-4006-9EFE-5FE8AB879BB2}.Debug|ARM.ActiveCfg = Debug|ARM
		{876E394F-B48A-4006-9EFE-5FE8AB879BB2}.Debug|ARM.Build.0 = Debug|ARM
		{876E394F-B48A-4006-9EFE-5FE8AB879BB2}.Debug|ARM.Deploy.0 = Debug|ARM
		{876E394F-B48A-4006-9EFE-5FE8AB879BB2}.Debug|ARM64.ActiveCfg = Debug|ARM64
		{876E394F-B48A-4006-9EFE-5FE8AB879BB2}.Debug|ARM64.Build.0 = Debug|ARM64
		{876E394F-B48A-4006-9EFE-5FE8AB879BB2}.Debug|ARM64.Deploy.0 = Debug|ARM64
		{876E394F-B48A-4006-9EFE-5FE8AB879BB2}.Debug|x64.ActiveCfg = Debug|x64
		{876E394F-B48A-4006-9EFE-5FE8AB879BB2}.Debug|x64.Build.0 = Debug|x64
		{876E394F-B48A-4006-9EFE-5FE8AB879BB2}.Debug|x64.Deploy.0 = Debug|x64
		{876E394F-B48A-4006-9EFE-5FE8AB879BB2}.Debug|x86.ActiveCfg = Debug|Win32
		{876E394F-B48A-4006-9EFE-5FE8AB879BB2}.Debug|x86.Build.0 = Debug|Win32
		{876E394F-B48A-4006-9EFE-5FE8AB879BB2}.Debug|x86.Deploy.0 = Debug|Win32
		{876E394F-B48A-4006-9EFE-5FE8AB879BB2}.Release|ARM.ActiveCfg = Release|ARM
		{876E394F-B48A-4006-9EFE-5FE8AB879BB2}.Release|ARM.Build.0 = Release|ARM
		{876E394F-B48A-4006-9EFE-5FE8AB879BB2}.Release|ARM.Deploy.0 = Release|ARM
		{876E394F-B48A-4006-9EFE-5FE8AB879BB2}.Release|ARM64.ActiveCfg = Release|ARM64
		{876E394F-B48A-4006-9EFE-5FE8AB879BB2}.Release|ARM64.Build.0 = Release|ARM64
		{876E394F-B48A-4006-9EFE-5FE8AB879BB2}.Release|ARM64.Deploy.0 = Release|ARM64
		{876E394F-B48A-4006-9EFE-5FE8AB879BB2}.Release|x64.ActiveCfg = Release|x64
		{876E394F-B48A-4006-9EFE-5FE8AB879BB2}.Release|x64.Build.0 = Release|x64
		{876E394F-B48A-4006-9EFE-5FE8AB879BB2}.Release|x64.Deploy.0 = Release|x64
		{876E394F-B48A-4006-9EFE-5FE8AB879BB2}.Release|x86.ActiveCfg = Release|Win32
		{876E394F-B48A-4006-9EFE-5FE8AB879BB2}.Release|x86.Build.0 = Release|Win32
		{876E394F-B48A-4006-9EFE-5FE8AB879BB2}.Release|x86.Deploy.0 = Release|Win32
		{2BBF36D4-4565-4296-B556-6BAEBB225912}.Debug|ARM.ActiveCfg = Debug|ARM
		{2BBF36D4-4565-4296-B556-6BAEBB225912}.Debug|ARM.Build.0 = Debug|ARM
		{2BBF36D4-4565-4296-B556-6BAEBB225912}.Debug|ARM.Deploy.0 = Debug|ARM
		{2BBF36D4-4565-4296-B556-6BAEBB225912}.Debug|ARM64.ActiveCfg = Debug|ARM64
		{2BBF36D4-4565-4296-B556-6BAEBB225912}.Debug|ARM64.Build.0 = Debug|ARM64
		{2BBF36D4-4565-4296-B556-6BAEBB225912}.Debug|ARM64.Deploy.0 = Debug|ARM64
		{2BBF36D4-4565-4296-B556-6BAEBB225912}.Debug|x64.ActiveCfg = Debug|x64
		{2BBF36D4-4565-4296-B556-6BAEBB225912}.Debug|x64.Build.0 = Debug|x64
		{2BBF36D4-4565-4296-B556-6BAEBB225912}.Debug|x64.Deploy.0 = Debug|x64
		{2BBF36D4-4565-4296-B556-6BAEBB225912}.Debug|x86.ActiveCfg = Debug|Win32
		{2BBF36D4-4565-4296-B556-6BAEBB225912}.Debug|x86.Build.0 = Debug|Win32
		{2BBF36D4-4565-4296-B556-6BAEBB225912}.Debug|x86.Deploy.0 = Debug|Win32
		{2BBF36D4-4565-4296-B556-6BAEBB225912}.Release|ARM.ActiveCfg = Release|ARM
		{2BBF36D4-4565-4296-B556-6BAEBB225912}.Release|ARM.Build.0 = Release|ARM
		{2BBF36D4-4565-4296-B556-6BAEBB225912}.Release|ARM.Deploy.0 = Release|ARM
		{2BBF36D4-4565-4296-B556-6BAEBB225912}.Release|ARM64.ActiveCfg = Release|ARM64
		{2BBF36D4-4565-4296-B556-6BAEBB225912}.Release|ARM64.Build.0 = Release|ARM64
		{2BBF36D4-4565-4296-B556-6BAEBB225912}.Release|ARM64.Deploy.0 = Release|ARM64
		{2BBF36D4-4565-4296-B556-6BAEBB225912}.Release|x64.ActiveCfg = Release|x64
		{2BBF36D4-4565-4296-B556-6BAEBB225912}.Release|x64.Build.0 = Release|x64
		{2BBF36D4-4565-4296-B556-6BAEBB225912}.Release|x64.Deploy.0 = Release|x64
		{2BBF36D4-4565-4296-B556-6BAEBB225912}.Release|x86.ActiveCfg = Release|Win32
		{2BBF36D4-4565-4296-B556-6BAEBB225912}.Release|x86.Build.0 = Release|Win32
		{2BBF36D4-4565-4296-B556-6BAEBB225912}.Release|x86.Deploy.0 = Release|Win32
		{11803B37-CA6E-4F61-8FB5-CC2B82030F61}.Debug|ARM.ActiveCfg = Debug|ARM
		{11803B37-CA6E-4F61-8FB5-CC2B82030F61}.Debug|ARM.Build.0 = Debug|ARM
		{11803B37-CA6E-4F61-8FB5-CC2B82030F61}.Debug|ARM.Deploy.0 = Debug|ARM
		{11803B37-CA6E-4F61-8FB5-CC2B82030F61}.Debug|ARM64.ActiveCfg = Debug|ARM64
		{11803B37-CA6E-4F61-8FB5-CC2B82030F61}.Debug|ARM64.Build.0 = Debug|ARM64
		{11803B37-CA6E-4F61-8FB5-CC2B82030F61}.Debug|ARM64.Deploy.0 = Debug|ARM64
		{11803B37-CA6E-4F61-8FB5-CC2B82030F61}.Debug|x64.ActiveCfg = Debug|x64
		{11803B37-CA6E-4F61-8FB5-CC2B82030F61}.Debug|x64.Build.0 = Debug|x64
		{11803B37-CA6E-4F61-8FB5-CC2B82030F61}.Debug|x64.Deploy.0 = Debug|x64
		{11803B37-CA6E-4F61-8FB5-CC2B82030F61}.Debug|x86.ActiveCfg = Debug|Win32
		{11803B37-CA6E-4F61-8FB5-CC2B82030F61}.Debug|x86.Build.0 = Debug|Win32
		{11803B37-CA6E-4F61-8FB5-CC2B82030F61}.Debug|x86.Deploy.0 = Debug|Win32
		{11803B37-CA6E-4F61-8FB5-CC2B82030F61}.Release|ARM.ActiveCfg = Release|ARM
		{11803B37-CA6E-4F61-8FB5-CC2B82030F61}.Release|ARM.Build.0 = Release|ARM
		{11803B37-CA6E-4F61-8FB5-CC2B82030F61}.Release|ARM.Deploy.0 = Release|ARM
		{11803B37-CA6E-4F61-8FB5-CC2B82030F61}.Release|ARM64.ActiveCfg = Release|ARM64
		{11803B37-CA6E-4F61-8FB5-CC2B82030F61}.Release|ARM64.Build.0 = Release|ARM64
		{11803B37-CA6E-4F61-8FB5-CC2B82030F61}.Release|ARM64.Deploy.0 = Release|ARM64
		{11803B37-CA6E-4F61-8FB5-CC2B82030F61}.Release|x64.ActiveCfg = Release|x64
		{11803B37-CA6E-4F61-8FB5-CC2B82030F61}.Release|x64.Build.0 = Release|x64
		{11803B37-CA6E-4F61-8FB5-CC2B82030F61}.Release|x64.Deploy.0 = Release|x64
		{11803B37-CA6E-4F61-8FB5-CC2B82030F61}.Release|x86.ActiveCfg = Release|Win32
		{11803B37-CA6E-4F61-8FB5-CC2B82030F61}.Release|x86.Build.0 = Release|Win32
		{11803B37-CA6E-4F61-8FB5-CC2B82030F61}.Release|x86.Deploy.0 = Release|Win32
		{0CDE31A4-B7C2-482F-8DD6-D3E41D3B8027}.Debug|ARM.ActiveCfg = Debug|ARM
		{0CDE31A4-B7C2-482F-8DD6-D3E41D3B8027}.Debug|ARM.Build.0 = Debug|ARM
		{0CDE31A4-B7C2-482F-8DD6-D3E41D3B8027}.Debug|ARM.Deploy.0 = Debug|ARM
		{0CDE31A4-B7C2-482F-8DD6-D3E41D3B8027}.Debug|ARM64.ActiveCfg = Debug|ARM64
		{0CDE31A4-B7C2-482F-8DD6-D3E41D3B8027}.Debug|ARM64.Build.0 = Debug|ARM64
		{0CDE31A4-B7C2-482F-8DD6-D3E41D3B8027}.Debug|ARM64.Deploy.0 = Debug|ARM64
		{0CDE31A4-B7C2-482F-8DD6-D3E41D3B8027}.Debug|x64.ActiveCfg = Debug|x64
		{0CDE31A4-B7C2-482F-8DD6-D3E41D3B8027}.Debug|x64.Build.0 = Debug|x64
		{0CDE31A4-B7C2-482F-8DD6-D3E41D3B8027}.Debug|x64.Deploy.0 = Debug|x64
		{0CDE31A4-B7C2-482F-8DD6-D3E41D3B8027}.Debug|x86.ActiveCfg = Debug|Win32
		{0CDE31A4-B7C2-482F-8DD6-D3E41D3B8027}.Debug|x86.Build.0 = Debug|Win32
		{0CDE31A4-B7C2-482F-8DD6-D3E41D3B8027}.Debug|x86.Deploy.0 = Debug|Win32
		{0CDE31A4-B7C2-482F-8DD6-D3E41D3B8027}.Release|ARM.ActiveCfg = Release|ARM
		{0CDE31A4-B7C2-482F-8DD6-D3E41D3B8027}.Release|ARM.Build.0 = Release|ARM
		{0CDE31A4-B7C2-482F-8DD6-D3E41D3B8027}.Release|ARM.Deploy.0 = Release|ARM
		{0CDE31A4-B7C2-482F-8DD6-D3E41D3B8027}.Release|ARM64.ActiveCfg = Release|ARM64
		{0CDE31A4-B7C2-482F-8DD6-D3E41D3B8027}.Release|ARM64.Build.0 = Release|ARM64
		{0CDE31A4-B7C2-482F-8DD6-D3E41D3B8027}.Release|ARM64.Deploy.0 = Release|ARM64
		{0CDE31A4-B7C2-482F-8DD6-D3E41D3B8027}.Release|x64.ActiveCfg = Release|x64
		{0CDE31A4-B7C2-482F-8DD6-D3E41D3B8027}.Release|x64.Build.0 = Release|x64
		{0CDE31A4-B7C2-482F-8DD6-D3E41D3B8027}.Release|x64.Deploy.0 = Release|x64
		{0CDE31A4-B7C2-482F-8DD6-D3E41D3B8027}.Release|x86.ActiveCfg = Release|Win32
		{0CDE31A4-B7C2-482F-8DD6-D3E41D3B8027}.Release|x86.Build.0 = Release|Win32
		{0CDE31A4-B7C2-482F-8DD6-D3E41D3B8027}.Release|x86.Deploy.0 = Release|Win32
		{EF6F8A00-97F7-495B-AA04-99F7A2837452}.Debug|ARM.ActiveCfg = Debug|Win32
		{EF6F8A00-97F7-495B-AA04-99F7A2837452}.Debug|ARM64.ActiveCfg = Debug|Win32
		{EF6F8A00-97F7-495B-AA04-99F7A2837452}.Debug|x64.ActiveCfg = Debug|x64
		{EF6F8A00-97F7-495B-AA04-99F7A2837452}.Debug|x64.Build.0 = Debug|x64
		{EF6F8A00-97F7-495B-AA04-99F7A2837452}.Debug|x86.ActiveCfg = Debug|Win32
		{EF6F8A00-97F7-495B-AA04-99F7A2837452}.Debug|x86.Build.0 = Debug|Win32
		{EF6F8A00-97F7-495B-AA04-99F7A2837452}.Release|ARM.ActiveCfg = Release|Win32
		{EF6F8A00-97F7-495B-AA04-99F7A2837452}.Release|ARM64.ActiveCfg = Release|Win32
		{EF6F8A00-97F7-495B-AA04-99F7A2837452}.Release|x64.ActiveCfg = Release|x64
		{EF6F8A00-97F7-495B-AA04-99F7A2837452}.Release|x64.Build.0 = Release|x64
		{EF6F8A00-97F7-495B-AA04-99F7A2837452}.Release|x86.ActiveCfg = Release|Win32
		{EF6F8A00-97F7-495B-AA04-99F7A2837452}.Release|x86.Build.0 = Release|Win32
	EndGlobalSection
	GlobalSection(SolutionProperties) = preSolution
		HideSolutionNode = FALSE
	EndGlobalSection
	GlobalSection(ExtensibilityGlobals) = postSolution
		SolutionGuid = {98ABD0AD-54C3-456F-9248-B319EFCC07D6}
	EndGlobalSection
EndGlobal
